<?xml version="1.0" encoding="utf-8"?>
<Project ToolsVersion="4.0" xmlns="http://schemas.microsoft.com/developer/msbuild/2003">
  <ItemGroup>
    <Filter Include="Rhy">
      <UniqueIdentifier>{981D880B-0427-887C-8DA2-9E7CF9AA937C}</UniqueIdentifier>
    </Filter>
  </ItemGroup>
  <ItemGroup>
    <ClInclude Include="src\Rhy.h" />
    <ClInclude Include="src\Rhy\Application.h">
      <Filter>Rhy</Filter>
    </ClInclude>
    <ClInclude Include="src\Rhy\Core.h">
      <Filter>Rhy</Filter>
    </ClInclude>
    <ClInclude Include="src\Rhy\EntryPoint.h">
      <Filter>Rhy</Filter>
    </ClInclude>
    <ClInclude Include="src\Rhy\Log.h">
      <Filter>Rhy</Filter>
    </ClInclude>
  </ItemGroup>
  <ItemGroup>
    <ClCompile Include="src\Rhy\Application.cpp">
      <Filter>Rhy</Filter>
    </ClCompile>
    <ClCompile Include="src\Rhy\Log.cpp">
      <Filter>Rhy</Filter>
    </ClCompile>
  </ItemGroup>
</Project>