<?xml version="1.0" encoding="utf-8"?>
<Project ToolsVersion="4.0" xmlns="http://schemas.microsoft.com/developer/msbuild/2003">
  <ItemGroup>
    <Filter Include="Platform">
      <UniqueIdentifier>{2AC788B4-1694-E3BF-3FAD-D1672BD9184E}</UniqueIdentifier>
    </Filter>
    <Filter Include="Platform\OpenGL">
      <UniqueIdentifier>{1E7D2C1D-8A08-9AE1-9319-1DD6FF23F6E1}</UniqueIdentifier>
    </Filter>
    <Filter Include="Platform\Windows">
      <UniqueIdentifier>{64FBD71A-50F4-F66C-7926-DCF1657ED678}</UniqueIdentifier>
    </Filter>
    <Filter Include="Rhy">
      <UniqueIdentifier>{981D880B-0427-887C-8DA2-9E7CF9AA937C}</UniqueIdentifier>
    </Filter>
    <Filter Include="Rhy\Events">
      <UniqueIdentifier>{7C8E314A-6846-7397-D14D-4CF3BD240E88}</UniqueIdentifier>
    </Filter>
    <Filter Include="Rhy\ImGui">
      <UniqueIdentifier>{C2640612-2ECF-BA88-770D-6C2EE3B698DD}</UniqueIdentifier>
    </Filter>
  </ItemGroup>
  <ItemGroup>
    <ClInclude Include="src\Platform\OpenGL\ImGuiOpenGLRenderer.h">
      <Filter>Platform\OpenGL</Filter>
    </ClInclude>
    <ClInclude Include="src\Platform\Windows\WindowsWindow.h">
      <Filter>Platform\Windows</Filter>
    </ClInclude>
    <ClInclude Include="src\Rhy.h" />
    <ClInclude Include="src\Rhy\Application.h">
      <Filter>Rhy</Filter>
    </ClInclude>
    <ClInclude Include="src\Rhy\Core.h">
      <Filter>Rhy</Filter>
    </ClInclude>
    <ClInclude Include="src\Rhy\EntryPoint.h">
      <Filter>Rhy</Filter>
    </ClInclude>
    <ClInclude Include="src\Rhy\Events\ApplicationEvent.h">
      <Filter>Rhy\Events</Filter>
    </ClInclude>
    <ClInclude Include="src\Rhy\Events\Event.h">
      <Filter>Rhy\Events</Filter>
    </ClInclude>
    <ClInclude Include="src\Rhy\Events\KeyEvent.h">
      <Filter>Rhy\Events</Filter>
    </ClInclude>
    <ClInclude Include="src\Rhy\Events\MouseEvent.h">
      <Filter>Rhy\Events</Filter>
    </ClInclude>
    <ClInclude Include="src\Rhy\ImGui\ImGuiLayer.h">
      <Filter>Rhy\ImGui</Filter>
    </ClInclude>
    <ClInclude Include="src\Rhy\Layer.h">
      <Filter>Rhy</Filter>
    </ClInclude>
    <ClInclude Include="src\Rhy\LayerStack.h">
      <Filter>Rhy</Filter>
    </ClInclude>
    <ClInclude Include="src\Rhy\Log.h">
      <Filter>Rhy</Filter>
    </ClInclude>
    <ClInclude Include="src\Rhy\Window.h">
      <Filter>Rhy</Filter>
    </ClInclude>
    <ClInclude Include="src\rpch.h" />
  </ItemGroup>
  <ItemGroup>
    <ClCompile Include="src\Platform\OpenGL\ImGuiOpenGLRenderer.cpp">
      <Filter>Platform\OpenGL</Filter>
    </ClCompile>
    <ClCompile Include="src\Platform\Windows\WindowsWindow.cpp">
      <Filter>Platform\Windows</Filter>
    </ClCompile>
    <ClCompile Include="src\Rhy\Application.cpp">
      <Filter>Rhy</Filter>
    </ClCompile>
    <ClCompile Include="src\Rhy\ImGui\ImGuiLayer.cpp">
      <Filter>Rhy\ImGui</Filter>
    </ClCompile>
    <ClCompile Include="src\Rhy\Layer.cpp">
      <Filter>Rhy</Filter>
    </ClCompile>
    <ClCompile Include="src\Rhy\LayerStack.cpp">
      <Filter>Rhy</Filter>
    </ClCompile>
    <ClCompile Include="src\Rhy\Log.cpp">
      <Filter>Rhy</Filter>
    </ClCompile>
    <ClCompile Include="src\rpch.cpp" />
  </ItemGroup>
</Project>